
Microsoft Visual Studio Solution File, Format Version 11.00
# Visual Studio 2010
Project("{2150E333-8FDC-42A3-9474-1A3956D46DE8}") = "CORE", "CORE", "{6764BB9C-EE1F-4563-ADCA-0952297AF2AD}"
EndProject
Project("{2150E333-8FDC-42A3-9474-1A3956D46DE8}") = "COMMON", "COMMON", "{3EB0C47F-F45B-4C71-B20A-AD214B39F883}"
EndProject
Project("{FAE04EC0-301F-11D3-BF4B-00C04F79EFBC}") = "CAPITALFINANCIERAUSA_WEBPAGE", "CAPITALFINANCIERAUSA_WEBPAGE\CAPITALFINANCIERAUSA_WEBPAGE.csproj", "{37EABC78-838A-40A2-B385-191EFA6BDA7D}"
EndProject
Project("{FAE04EC0-301F-11D3-BF4B-00C04F79EFBC}") = "CAPITALFINANCIERA.APP.EL", "CAPITALFINANCIERA.APP.EL\CAPITALFINANCIERA.APP.EL.csproj", "{01859352-899C-4A2D-BB6E-69A31EC40C12}"
EndProject
Project("{FAE04EC0-301F-11D3-BF4B-00C04F79EFBC}") = "CAPITALFINANCIERA.APP.BL", "CAPITALFINANCIERA.APP.BL\CAPITALFINANCIERA.APP.BL.csproj", "{8A4A2B9A-D85E-4B72-9E7F-B2C75A40F1C4}"
EndProject
Project("{FAE04EC0-301F-11D3-BF4B-00C04F79EFBC}") = "CAPITALFINANCIERA.APP.DL", "CAPITALFINANCIERA.APP.DL\CAPITALFINANCIERA.APP.DL.csproj", "{10D7DB87-80F5-4DBF-8B7A-00755B3C3EA1}"
EndProject
Project("{FAE04EC0-301F-11D3-BF4B-00C04F79EFBC}") = "CAPITALFINANCIERA.LIBRARY.COMMON", "CAPITALFINANCIERA.LIBRARY.COMMON\CAPITALFINANCIERA.LIBRARY.COMMON.csproj", "{C6471E97-08A1-4DD2-8F62-CF3FAB532C7C}"
EndProject
Global
	GlobalSection(SolutionConfigurationPlatforms) = preSolution
		Debug|Any CPU = Debug|Any CPU
		Release|Any CPU = Release|Any CPU
	EndGlobalSection
	GlobalSection(ProjectConfigurationPlatforms) = postSolution
		{37EABC78-838A-40A2-B385-191EFA6BDA7D}.Debug|Any CPU.ActiveCfg = Debug|Any CPU
		{37EABC78-838A-40A2-B385-191EFA6BDA7D}.Debug|Any CPU.Build.0 = Debug|Any CPU
		{37EABC78-838A-40A2-B385-191EFA6BDA7D}.Release|Any CPU.ActiveCfg = Release|Any CPU
		{37EABC78-838A-40A2-B385-191EFA6BDA7D}.Release|Any CPU.Build.0 = Release|Any CPU
		{01859352-899C-4A2D-BB6E-69A31EC40C12}.Debug|Any CPU.ActiveCfg = Debug|Any CPU
		{01859352-899C-4A2D-BB6E-69A31EC40C12}.Debug|Any CPU.Build.0 = Debug|Any CPU
		{01859352-899C-4A2D-BB6E-69A31EC40C12}.Release|Any CPU.ActiveCfg = Release|Any CPU
		{01859352-899C-4A2D-BB6E-69A31EC40C12}.Release|Any CPU.Build.0 = Release|Any CPU
		{8A4A2B9A-D85E-4B72-9E7F-B2C75A40F1C4}.Debug|Any CPU.ActiveCfg = Debug|Any CPU
		{8A4A2B9A-D85E-4B72-9E7F-B2C75A40F1C4}.Debug|Any CPU.Build.0 = Debug|Any CPU
		{8A4A2B9A-D85E-4B72-9E7F-B2C75A40F1C4}.Release|Any CPU.ActiveCfg = Release|Any CPU
		{8A4A2B9A-D85E-4B72-9E7F-B2C75A40F1C4}.Release|Any CPU.Build.0 = Release|Any CPU
		{10D7DB87-80F5-4DBF-8B7A-00755B3C3EA1}.Debug|Any CPU.ActiveCfg = Debug|Any CPU
		{10D7DB87-80F5-4DBF-8B7A-00755B3C3EA1}.Debug|Any CPU.Build.0 = Debug|Any CPU
		{10D7DB87-80F5-4DBF-8B7A-00755B3C3EA1}.Release|Any CPU.ActiveCfg = Release|Any CPU
		{10D7DB87-80F5-4DBF-8B7A-00755B3C3EA1}.Release|Any CPU.Build.0 = Release|Any CPU
		{C6471E97-08A1-4DD2-8F62-CF3FAB532C7C}.Debug|Any CPU.ActiveCfg = Debug|Any CPU
		{C6471E97-08A1-4DD2-8F62-CF3FAB532C7C}.Debug|Any CPU.Build.0 = Debug|Any CPU
		{C6471E97-08A1-4DD2-8F62-CF3FAB532C7C}.Release|Any CPU.ActiveCfg = Release|Any CPU
		{C6471E97-08A1-4DD2-8F62-CF3FAB532C7C}.Release|Any CPU.Build.0 = Release|Any CPU
	EndGlobalSection
	GlobalSection(SolutionProperties) = preSolution
		HideSolutionNode = FALSE
	EndGlobalSection
	GlobalSection(NestedProjects) = preSolution
		{01859352-899C-4A2D-BB6E-69A31EC40C12} = {6764BB9C-EE1F-4563-ADCA-0952297AF2AD}
		{8A4A2B9A-D85E-4B72-9E7F-B2C75A40F1C4} = {6764BB9C-EE1F-4563-ADCA-0952297AF2AD}
		{10D7DB87-80F5-4DBF-8B7A-00755B3C3EA1} = {6764BB9C-EE1F-4563-ADCA-0952297AF2AD}
		{C6471E97-08A1-4DD2-8F62-CF3FAB532C7C} = {3EB0C47F-F45B-4C71-B20A-AD214B39F883}
	EndGlobalSection
EndGlobal
